// !$*UTF8*$!
{
	archiveVersion = 1;
	classes = {
	};
	objectVersion = 46;
	objects = {

/* Begin PBXBuildFile section */
		6924373019108A040058FD61 /* Foundation.framework in Frameworks */ = {isa = PBXBuildFile; fileRef = 6924372F19108A040058FD61 /* Foundation.framework */; };
		6924373219108A040058FD61 /* CoreGraphics.framework in Frameworks */ = {isa = PBXBuildFile; fileRef = 6924373119108A040058FD61 /* CoreGraphics.framework */; };
		6924373419108A040058FD61 /* UIKit.framework in Frameworks */ = {isa = PBXBuildFile; fileRef = 6924373319108A040058FD61 /* UIKit.framework */; };
		6924373A19108A040058FD61 /* InfoPlist.strings in Resources */ = {isa = PBXBuildFile; fileRef = 6924373819108A040058FD61 /* InfoPlist.strings */; };
		6924373C19108A040058FD61 /* main.m in Sources */ = {isa = PBXBuildFile; fileRef = 6924373B19108A040058FD61 /* main.m */; };
		6924374019108A040058FD61 /* WSQAppDelegate.m in Sources */ = {isa = PBXBuildFile; fileRef = 6924373F19108A040058FD61 /* WSQAppDelegate.m */; };
		6924374319108A040058FD61 /* Main.storyboard in Resources */ = {isa = PBXBuildFile; fileRef = 6924374119108A040058FD61 /* Main.storyboard */; };
		6924374619108A040058FD61 /* WSQViewController.m in Sources */ = {isa = PBXBuildFile; fileRef = 6924374519108A040058FD61 /* WSQViewController.m */; };
		6924374819108A040058FD61 /* Images.xcassets in Resources */ = {isa = PBXBuildFile; fileRef = 6924374719108A040058FD61 /* Images.xcassets */; };
		6924374F19108A040058FD61 /* XCTest.framework in Frameworks */ = {isa = PBXBuildFile; fileRef = 6924374E19108A040058FD61 /* XCTest.framework */; };
		6924375019108A040058FD61 /* Foundation.framework in Frameworks */ = {isa = PBXBuildFile; fileRef = 6924372F19108A040058FD61 /* Foundation.framework */; };
		6924375119108A040058FD61 /* UIKit.framework in Frameworks */ = {isa = PBXBuildFile; fileRef = 6924373319108A040058FD61 /* UIKit.framework */; };
		6924375919108A040058FD61 /* InfoPlist.strings in Resources */ = {isa = PBXBuildFile; fileRef = 6924375719108A040058FD61 /* InfoPlist.strings */; };
		6924375B19108A040058FD61 /* BASE64__Tests.m in Sources */ = {isa = PBXBuildFile; fileRef = 6924375A19108A040058FD61 /* BASE64__Tests.m */; };
/* End PBXBuildFile section */

/* Begin PBXContainerItemProxy section */
		6924375219108A040058FD61 /* PBXContainerItemProxy */ = {
			isa = PBXContainerItemProxy;
			containerPortal = 6924372419108A040058FD61 /* Project object */;
			proxyType = 1;
			remoteGlobalIDString = 6924372B19108A040058FD61;
			remoteInfo = "BASE64练习";
		};
/* End PBXContainerItemProxy section */

/* Begin PBXFileReference section */
		6924372C19108A040058FD61 /* BASE64练习.app */ = {isa = PBXFileReference; explicitFileType = wrapper.application; includeInIndex = 0; path = "BASE64练习.app"; sourceTree = BUILT_PRODUCTS_DIR; };
		6924372F19108A040058FD61 /* Foundation.framework */ = {isa = PBXFileReference; lastKnownFileType = wrapper.framework; name = Foundation.framework; path = System/Library/Frameworks/Foundation.framework; sourceTree = SDKROOT; };
		6924373119108A040058FD61 /* CoreGraphics.framework */ = {isa = PBXFileReference; lastKnownFileType = wrapper.framework; name = CoreGraphics.framework; path = System/Library/Frameworks/CoreGraphics.framework; sourceTree = SDKROOT; };
		6924373319108A040058FD61 /* UIKit.framework */ = {isa = PBXFileReference; lastKnownFileType = wrapper.framework; name = UIKit.framework; path = System/Library/Frameworks/UIKit.framework; sourceTree = SDKROOT; };
		6924373719108A040058FD61 /* BASE64练习-Info.plist */ = {isa = PBXFileReference; lastKnownFileType = text.plist.xml; path = "BASE64练习-Info.plist"; sourceTree = "<group>"; };
		6924373919108A040058FD61 /* en */ = {isa = PBXFileReference; lastKnownFileType = text.plist.strings; name = en; path = en.lproj/InfoPlist.strings; sourceTree = "<group>"; };
		6924373B19108A040058FD61 /* main.m */ = {isa = PBXFileReference; lastKnownFileType = sourcecode.c.objc; path = main.m; sourceTree = "<group>"; };
		6924373D19108A040058FD61 /* BASE64练习-Prefix.pch */ = {isa = PBXFileReference; lastKnownFileType = sourcecode.c.h; path = "BASE64练习-Prefix.pch"; sourceTree = "<group>"; };
		6924373E19108A040058FD61 /* WSQAppDelegate.h */ = {isa = PBXFileReference; lastKnownFileType = sourcecode.c.h; path = WSQAppDelegate.h; sourceTree = "<group>"; };
		6924373F19108A040058FD61 /* WSQAppDelegate.m */ = {isa = PBXFileReference; lastKnownFileType = sourcecode.c.objc; path = WSQAppDelegate.m; sourceTree = "<group>"; };
		6924374219108A040058FD61 /* Base */ = {isa = PBXFileReference; lastKnownFileType = file.storyboard; name = Base; path = Base.lproj/Main.storyboard; sourceTree = "<group>"; };
		6924374419108A040058FD61 /* WSQViewController.h */ = {isa = PBXFileReference; lastKnownFileType = sourcecode.c.h; path = WSQViewController.h; sourceTree = "<group>"; };
		6924374519108A040058FD61 /* WSQViewController.m */ = {isa = PBXFileReference; lastKnownFileType = sourcecode.c.objc; path = WSQViewController.m; sourceTree = "<group>"; };
		6924374719108A040058FD61 /* Images.xcassets */ = {isa = PBXFileReference; lastKnownFileType = folder.assetcatalog; path = Images.xcassets; sourceTree = "<group>"; };
		6924374D19108A040058FD61 /* BASE64练习Tests.xctest */ = {isa = PBXFileReference; explicitFileType = wrapper.cfbundle; includeInIndex = 0; path = "BASE64练习Tests.xctest"; sourceTree = BUILT_PRODUCTS_DIR; };
		6924374E19108A040058FD61 /* XCTest.framework */ = {isa = PBXFileReference; lastKnownFileType = wrapper.framework; name = XCTest.framework; path = Library/Frameworks/XCTest.framework; sourceTree = DEVELOPER_DIR; };
		6924375619108A040058FD61 /* BASE64练习Tests-Info.plist */ = {isa = PBXFileReference; lastKnownFileType = text.plist.xml; path = "BASE64练习Tests-Info.plist"; sourceTree = "<group>"; };
		6924375819108A040058FD61 /* en */ = {isa = PBXFileReference; lastKnownFileType = text.plist.strings; name = en; path = en.lproj/InfoPlist.strings; sourceTree = "<group>"; };
		6924375A19108A040058FD61 /* BASE64__Tests.m */ = {isa = PBXFileReference; lastKnownFileType = sourcecode.c.objc; path = BASE64__Tests.m; sourceTree = "<group>"; };
/* End PBXFileReference section */

/* Begin PBXFrameworksBuildPhase section */
		6924372919108A040058FD61 /* Frameworks */ = {
			isa = PBXFrameworksBuildPhase;
			buildActionMask = 2147483647;
			files = (
				6924373219108A040058FD61 /* CoreGraphics.framework in Frameworks */,
				6924373419108A040058FD61 /* UIKit.framework in Frameworks */,
				6924373019108A040058FD61 /* Foundation.framework in Frameworks */,
			);
			runOnlyForDeploymentPostprocessing = 0;
		};
		6924374A19108A040058FD61 /* Frameworks */ = {
			isa = PBXFrameworksBuildPhase;
			buildActionMask = 2147483647;
			files = (
				6924374F19108A040058FD61 /* XCTest.framework in Frameworks */,
				6924375119108A040058FD61 /* UIKit.framework in Frameworks */,
				6924375019108A040058FD61 /* Foundation.framework in Frameworks */,
			);
			runOnlyForDeploymentPostprocessing = 0;
		};
/* End PBXFrameworksBuildPhase section */

/* Begin PBXGroup section */
		6924372319108A040058FD61 = {
			isa = PBXGroup;
			children = (
				6924373519108A040058FD61 /* BASE64练习 */,
				6924375419108A040058FD61 /* BASE64练习Tests */,
				6924372E19108A040058FD61 /* Frameworks */,
				6924372D19108A040058FD61 /* Products */,
			);
			sourceTree = "<group>";
		};
		6924372D19108A040058FD61 /* Products */ = {
			isa = PBXGroup;
			children = (
				6924372C19108A040058FD61 /* BASE64练习.app */,
				6924374D19108A040058FD61 /* BASE64练习Tests.xctest */,
			);
			name = Products;
			sourceTree = "<group>";
		};
		6924372E19108A040058FD61 /* Frameworks */ = {
			isa = PBXGroup;
			children = (
				6924372F19108A040058FD61 /* Foundation.framework */,
				6924373119108A040058FD61 /* CoreGraphics.framework */,
				6924373319108A040058FD61 /* UIKit.framework */,
				6924374E19108A040058FD61 /* XCTest.framework */,
			);
			name = Frameworks;
			sourceTree = "<group>";
		};
		6924373519108A040058FD61 /* BASE64练习 */ = {
			isa = PBXGroup;
			children = (
				6924373E19108A040058FD61 /* WSQAppDelegate.h */,
				6924373F19108A040058FD61 /* WSQAppDelegate.m */,
				6924374119108A040058FD61 /* Main.storyboard */,
				6924374419108A040058FD61 /* WSQViewController.h */,
				6924374519108A040058FD61 /* WSQViewController.m */,
				6924374719108A040058FD61 /* Images.xcassets */,
				6924373619108A040058FD61 /* Supporting Files */,
			);
			path = "BASE64练习";
			sourceTree = "<group>";
		};
		6924373619108A040058FD61 /* Supporting Files */ = {
			isa = PBXGroup;
			children = (
				6924373719108A040058FD61 /* BASE64练习-Info.plist */,
				6924373819108A040058FD61 /* InfoPlist.strings */,
				6924373B19108A040058FD61 /* main.m */,
				6924373D19108A040058FD61 /* BASE64练习-Prefix.pch */,
			);
			name = "Supporting Files";
			sourceTree = "<group>";
		};
		6924375419108A040058FD61 /* BASE64练习Tests */ = {
			isa = PBXGroup;
			children = (
				6924375A19108A040058FD61 /* BASE64__Tests.m */,
				6924375519108A040058FD61 /* Supporting Files */,
			);
			path = "BASE64练习Tests";
			sourceTree = "<group>";
		};
		6924375519108A040058FD61 /* Supporting Files */ = {
			isa = PBXGroup;
			children = (
				6924375619108A040058FD61 /* BASE64练习Tests-Info.plist */,
				6924375719108A040058FD61 /* InfoPlist.strings */,
			);
			name = "Supporting Files";
			sourceTree = "<group>";
		};
/* End PBXGroup section */

/* Begin PBXNativeTarget section */
		6924372B19108A040058FD61 /* BASE64练习 */ = {
			isa = PBXNativeTarget;
			buildConfigurationList = 6924375E19108A040058FD61 /* Build configuration list for PBXNativeTarget "BASE64练习" */;
			buildPhases = (
				6924372819108A040058FD61 /* Sources */,
				6924372919108A040058FD61 /* Frameworks */,
				6924372A19108A040058FD61 /* Resources */,
			);
			buildRules = (
			);
			dependencies = (
			);
			name = "BASE64练习";
			productName = "BASE64练习";
			productReference = 6924372C19108A040058FD61 /* BASE64练习.app */;
			productType = "com.apple.product-type.application";
		};
		6924374C19108A040058FD61 /* BASE64练习Tests */ = {
			isa = PBXNativeTarget;
			buildConfigurationList = 6924376119108A040058FD61 /* Build configuration list for PBXNativeTarget "BASE64练习Tests" */;
			buildPhases = (
				6924374919108A040058FD61 /* Sources */,
				6924374A19108A040058FD61 /* Frameworks */,
				6924374B19108A040058FD61 /* Resources */,
			);
			buildRules = (
			);
			dependencies = (
				6924375319108A040058FD61 /* PBXTargetDependency */,
			);
			name = "BASE64练习Tests";
			productName = "BASE64练习Tests";
			productReference = 6924374D19108A040058FD61 /* BASE64练习Tests.xctest */;
			productType = "com.apple.product-type.bundle.unit-test";
		};
/* End PBXNativeTarget section */

/* Begin PBXProject section */
		6924372419108A040058FD61 /* Project object */ = {
			isa = PBXProject;
			attributes = {
				CLASSPREFIX = WSQ;
				LastUpgradeCheck = 0510;
				ORGANIZATIONNAME = "Shouqiang Wei";
				TargetAttributes = {
					6924374C19108A040058FD61 = {
						TestTargetID = 6924372B19108A040058FD61;
					};
				};
			};
			buildConfigurationList = 6924372719108A040058FD61 /* Build configuration list for PBXProject "BASE64练习" */;
			compatibilityVersion = "Xcode 3.2";
			developmentRegion = English;
			hasScannedForEncodings = 0;
			knownRegions = (
				en,
				Base,
			);
			mainGroup = 6924372319108A040058FD61;
			productRefGroup = 6924372D19108A040058FD61 /* Products */;
			projectDirPath = "";
			projectRoot = "";
			targets = (
				6924372B19108A040058FD61 /* BASE64练习 */,
				6924374C19108A040058FD61 /* BASE64练习Tests */,
			);
		};
/* End PBXProject section */

/* Begin PBXResourcesBuildPhase section */
		6924372A19108A040058FD61 /* Resources */ = {
			isa = PBXResourcesBuildPhase;
			buildActionMask = 2147483647;
			files = (
				6924374819108A040058FD61 /* Images.xcassets in Resources */,
				6924373A19108A040058FD61 /* InfoPlist.strings in Resources */,
				6924374319108A040058FD61 /* Main.storyboard in Resources */,
			);
			runOnlyForDeploymentPostprocessing = 0;
		};
		6924374B19108A040058FD61 /* Resources */ = {
			isa = PBXResourcesBuildPhase;
			buildActionMask = 2147483647;
			files = (
				6924375919108A040058FD61 /* InfoPlist.strings in Resources */,
			);
			runOnlyForDeploymentPostprocessing = 0;
		};
/* End PBXResourcesBuildPhase section */

/* Begin PBXSourcesBuildPhase section */
		6924372819108A040058FD61 /* Sources */ = {
			isa = PBXSourcesBuildPhase;
			buildActionMask = 2147483647;
			files = (
				6924374019108A040058FD61 /* WSQAppDelegate.m in Sources */,
				6924374619108A040058FD61 /* WSQViewController.m in Sources */,
				6924373C19108A040058FD61 /* main.m in Sources */,
			);
			runOnlyForDeploymentPostprocessing = 0;
		};
		6924374919108A040058FD61 /* Sources */ = {
			isa = PBXSourcesBuildPhase;
			buildActionMask = 2147483647;
			files = (
				6924375B19108A040058FD61 /* BASE64__Tests.m in Sources */,
			);
			runOnlyForDeploymentPostprocessing = 0;
		};
/* End PBXSourcesBuildPhase section */

/* Begin PBXTargetDependency section */
		6924375319108A040058FD61 /* PBXTargetDependency */ = {
			isa = PBXTargetDependency;
			target = 6924372B19108A040058FD61 /* BASE64练习 */;
			targetProxy = 6924375219108A040058FD61 /* PBXContainerItemProxy */;
		};
/* End PBXTargetDependency section */

/* Begin PBXVariantGroup section */
		6924373819108A040058FD61 /* InfoPlist.strings */ = {
			isa = PBXVariantGroup;
			children = (
				6924373919108A040058FD61 /* en */,
			);
			name = InfoPlist.strings;
			sourceTree = "<group>";
		};
		6924374119108A040058FD61 /* Main.storyboard */ = {
			isa = PBXVariantGroup;
			children = (
				6924374219108A040058FD61 /* Base */,
			);
			name = Main.storyboard;
			sourceTree = "<group>";
		};
		6924375719108A040058FD61 /* InfoPlist.strings */ = {
			isa = PBXVariantGroup;
			children = (
				6924375819108A040058FD61 /* en */,
			);
			name = InfoPlist.strings;
			sourceTree = "<group>";
		};
/* End PBXVariantGroup section */

/* Begin XCBuildConfiguration section */
		6924375C19108A040058FD61 /* Debug */ = {
			isa = XCBuildConfiguration;
			buildSettings = {
				ALWAYS_SEARCH_USER_PATHS = NO;
				CLANG_CXX_LANGUAGE_STANDARD = "gnu++0x";
				CLANG_CXX_LIBRARY = "libc++";
				CLANG_ENABLE_MODULES = YES;
				CLANG_ENABLE_OBJC_ARC = YES;
				CLANG_WARN_BOOL_CONVERSION = YES;
				CLANG_WARN_CONSTANT_CONVERSION = YES;
				CLANG_WARN_DIRECT_OBJC_ISA_USAGE = YES_ERROR;
				CLANG_WARN_EMPTY_BODY = YES;
				CLANG_WARN_ENUM_CONVERSION = YES;
				CLANG_WARN_INT_CONVERSION = YES;
				CLANG_WARN_OBJC_ROOT_CLASS = YES_ERROR;
				CLANG_WARN__DUPLICATE_METHOD_MATCH = YES;
				"CODE_SIGN_IDENTITY[sdk=iphoneos*]" = "iPhone Developer";
				COPY_PHASE_STRIP = NO;
				GCC_C_LANGUAGE_STANDARD = gnu99;
				GCC_DYNAMIC_NO_PIC = NO;
				GCC_OPTIMIZATION_LEVEL = 0;
				GCC_PREPROCESSOR_DEFINITIONS = (
					"DEBUG=1",
					"$(inherited)",
				);
				GCC_SYMBOLS_PRIVATE_EXTERN = NO;
				GCC_WARN_64_TO_32_BIT_CONVERSION = YES;
				GCC_WARN_ABOUT_RETURN_TYPE = YES_ERROR;
				GCC_WARN_UNDECLARED_SELECTOR = YES;
				GCC_WARN_UNINITIALIZED_AUTOS = YES_AGGRESSIVE;
				GCC_WARN_UNUSED_FUNCTION = YES;
				GCC_WARN_UNUSED_VARIABLE = YES;
				IPHONEOS_DEPLOYMENT_TARGET = 7.1;
				ONLY_ACTIVE_ARCH = YES;
				SDKROOT = iphoneos;
			};
			name = Debug;
		};
		6924375D19108A040058FD61 /* Release */ = {
			isa = XCBuildConfiguration;
			buildSettings = {
				ALWAYS_SEARCH_USER_PATHS = NO;
				CLANG_CXX_LANGUAGE_STANDARD = "gnu++0x";
				CLANG_CXX_LIBRARY = "libc++";
				CLANG_ENABLE_MODULES = YES;
				CLANG_ENABLE_OBJC_ARC = YES;
				CLANG_WARN_BOOL_CONVERSION = YES;
				CLANG_WARN_CONSTANT_CONVERSION = YES;
				CLANG_WARN_DIRECT_OBJC_ISA_USAGE = YES_ERROR;
				CLANG_WARN_EMPTY_BODY = YES;
				CLANG_WARN_ENUM_CONVERSION = YES;
				CLANG_WARN_INT_CONVERSION = YES;
				CLANG_WARN_OBJC_ROOT_CLASS = YES_ERROR;
				CLANG_WARN__DUPLICATE_METHOD_MATCH = YES;
				"CODE_SIGN_IDENTITY[sdk=iphoneos*]" = "iPhone Developer";
				COPY_PHASE_STRIP = YES;
				ENABLE_NS_ASSERTIONS = NO;
				GCC_C_LANGUAGE_STANDARD = gnu99;
				GCC_WARN_64_TO_32_BIT_CONVERSION = YES;
				GCC_WARN_ABOUT_RETURN_TYPE = YES_ERROR;
				GCC_WARN_UNDECLARED_SELECTOR = YES;
				GCC_WARN_UNINITIALIZED_AUTOS = YES_AGGRESSIVE;
				GCC_WARN_UNUSED_FUNCTION = YES;
				GCC_WARN_UNUSED_VARIABLE = YES;
				IPHONEOS_DEPLOYMENT_TARGET = 7.1;
				SDKROOT = iphoneos;
				VALIDATE_PRODUCT = YES;
			};
			name = Release;
		};
		6924375F19108A040058FD61 /* Debug */ = {
			isa = XCBuildConfiguration;
			buildSettings = {
				ASSETCATALOG_COMPILER_APPICON_NAME = AppIcon;
				ASSETCATALOG_COMPILER_LAUNCHIMAGE_NAME = LaunchImage;
				GCC_PRECOMPILE_PREFIX_HEADER = YES;
				GCC_PREFIX_HEADER = "BASE64练习/BASE64练习-Prefix.pch";
				INFOPLIST_FILE = "BASE64练习/BASE64练习-Info.plist";
				PRODUCT_NAME = "$(TARGET_NAME)";
				WRAPPER_EXTENSION = app;
			};
			name = Debug;
		};
		6924376019108A040058FD61 /* Release */ = {
			isa = XCBuildConfiguration;
			buildSettings = {
				ASSETCATALOG_COMPILER_APPICON_NAME = AppIcon;
				ASSETCATALOG_COMPILER_LAUNCHIMAGE_NAME = LaunchImage;
				GCC_PRECOMPILE_PREFIX_HEADER = YES;
				GCC_PREFIX_HEADER = "BASE64练习/BASE64练习-Prefix.pch";
				INFOPLIST_FILE = "BASE64练习/BASE64练习-Info.plist";
				PRODUCT_NAME = "$(TARGET_NAME)";
				WRAPPER_EXTENSION = app;
			};
			name = Release;
		};
		6924376219108A040058FD61 /* Debug */ = {
			isa = XCBuildConfiguration;
			buildSettings = {
				BUNDLE_LOADER = "$(BUILT_PRODUCTS_DIR)/BASE64练习.app/BASE64练习";
				FRAMEWORK_SEARCH_PATHS = (
					"$(SDKROOT)/Developer/Library/Frameworks",
					"$(inherited)",
					"$(DEVELOPER_FRAMEWORKS_DIR)",
				);
				GCC_PRECOMPILE_PREFIX_HEADER = YES;
				GCC_PREFIX_HEADER = "BASE64练习/BASE64练习-Prefix.pch";
				GCC_PREPROCESSOR_DEFINITIONS = (
					"DEBUG=1",
					"$(inherited)",
				);
				INFOPLIST_FILE = "BASE64练习Tests/BASE64练习Tests-Info.plist";
				PRODUCT_NAME = "$(TARGET_NAME)";
				TEST_HOST = "$(BUNDLE_LOADER)";
				WRAPPER_EXTENSION = xctest;
			};
			name = Debug;
		};
		6924376319108A040058FD61 /* Release */ = {
			isa = XCBuildConfiguration;
			buildSettings = {
				BUNDLE_LOADER = "$(BUILT_PRODUCTS_DIR)/BASE64练习.app/BASE64练习";
				FRAMEWORK_SEARCH_PATHS = (
					"$(SDKROOT)/Developer/Library/Frameworks",
					"$(inherited)",
					"$(DEVELOPER_FRAMEWORKS_DIR)",
				);
				GCC_PRECOMPILE_PREFIX_HEADER = YES;
				GCC_PREFIX_HEADER = "BASE64练习/BASE64练习-Prefix.pch";
				INFOPLIST_FILE = "BASE64练习Tests/BASE64练习Tests-Info.plist";
				PRODUCT_NAME = "$(TARGET_NAME)";
				TEST_HOST = "$(BUNDLE_LOADER)";
				WRAPPER_EXTENSION = xctest;
			};
			name = Release;
		};
/* End XCBuildConfiguration section */

/* Begin XCConfigurationList section */
		6924372719108A040058FD61 /* Build configuration list for PBXProject "BASE64练习" */ = {
			isa = XCConfigurationList;
			buildConfigurations = (
				6924375C19108A040058FD61 /* Debug */,
				6924375D19108A040058FD61 /* Release */,
			);
			defaultConfigurationIsVisible = 0;
			defaultConfigurationName = Release;
		};
		6924375E19108A040058FD61 /* Build configuration list for PBXNativeTarget "BASE64练习" */ = {
			isa = XCConfigurationList;
			buildConfigurations = (
				6924375F19108A040058FD61 /* Debug */,
				6924376019108A040058FD61 /* Release */,
			);
			defaultConfigurationIsVisible = 0;
		};
		6924376119108A040058FD61 /* Build configuration list for PBXNativeTarget "BASE64练习Tests" */ = {
			isa = XCConfigurationList;
			buildConfigurations = (
				6924376219108A040058FD61 /* Debug */,
				6924376319108A040058FD61 /* Release */,
			);
			defaultConfigurationIsVisible = 0;
		};
/* End XCConfigurationList section */
	};
	rootObject = 6924372419108A040058FD61 /* Project object */;
}
